
Microsoft Visual Studio Solution File, Format Version 12.00
# Visual Studio Version 16
VisualStudioVersion = 16.0.30011.22
MinimumVisualStudioVersion = 10.0.40219.1
Project("{FAE04EC0-301F-11D3-BF4B-00C04F79EFBC}") = "JsonOutput", "JsonOutput\JsonOutput.csproj", "{2D934A34-896C-43A8-9A0F-24773B213880}"
EndProject
Global
	GlobalSection(SolutionConfigurationPlatforms) = preSolution
		Debug|Any CPU = Debug|Any CPU
		Release|Any CPU = Release|Any CPU
	EndGlobalSection
	GlobalSection(ProjectConfigurationPlatforms) = postSolution
		{2D934A34-896C-43A8-9A0F-24773B213880}.Debug|Any CPU.ActiveCfg = Debug|Any CPU
		{2D934A34-896C-43A8-9A0F-24773B213880}.Debug|Any CPU.Build.0 = Debug|Any CPU
		{2D934A34-896C-43A8-9A0F-24773B213880}.Release|Any CPU.ActiveCfg = Release|Any CPU
		{2D934A34-896C-43A8-9A0F-24773B213880}.Release|Any CPU.Build.0 = Release|Any CPU
	EndGlobalSection
	GlobalSection(SolutionProperties) = preSolution
		HideSolutionNode = FALSE
	EndGlobalSection
	GlobalSection(ExtensibilityGlobals) = postSolution
		SolutionGuid = {005EA646-2AD8-492E-B549-0D2B290BFB0F}
	EndGlobalSection
EndGlobal
